// !$*UTF8*$!
{
	archiveVersion = 1;
	classes = {
	};
	objectVersion = 50;
	objects = {

/* Begin PBXBuildFile section */
		D5578D382601ADF80016ECF1 /* NotiAppApp.swift in Sources */ = {isa = PBXBuildFile; fileRef = D5578D252601ADF60016ECF1 /* NotiAppApp.swift */; };
		D5578D392601ADF80016ECF1 /* NotiAppApp.swift in Sources */ = {isa = PBXBuildFile; fileRef = D5578D252601ADF60016ECF1 /* NotiAppApp.swift */; };
		D5578D3A2601ADF80016ECF1 /* ContentView.swift in Sources */ = {isa = PBXBuildFile; fileRef = D5578D262601ADF60016ECF1 /* ContentView.swift */; };
		D5578D3B2601ADF80016ECF1 /* ContentView.swift in Sources */ = {isa = PBXBuildFile; fileRef = D5578D262601ADF60016ECF1 /* ContentView.swift */; };
		D5578D3C2601ADF80016ECF1 /* Assets.xcassets in Resources */ = {isa = PBXBuildFile; fileRef = D5578D272601ADF80016ECF1 /* Assets.xcassets */; };
		D5578D3D2601ADF80016ECF1 /* Assets.xcassets in Resources */ = {isa = PBXBuildFile; fileRef = D5578D272601ADF80016ECF1 /* Assets.xcassets */; };
		D5B8C54E264B620B004F8B39 /* HomeView.swift in Sources */ = {isa = PBXBuildFile; fileRef = D5B8C54D264B620B004F8B39 /* HomeView.swift */; };
		D5B8C54F264B620B004F8B39 /* HomeView.swift in Sources */ = {isa = PBXBuildFile; fileRef = D5B8C54D264B620B004F8B39 /* HomeView.swift */; };
		D5EC2E95264A2FAB006E0CE2 /* LoginView.swift in Sources */ = {isa = PBXBuildFile; fileRef = D5EC2E94264A2FAB006E0CE2 /* LoginView.swift */; };
		D5EC2E96264A2FAB006E0CE2 /* LoginView.swift in Sources */ = {isa = PBXBuildFile; fileRef = D5EC2E94264A2FAB006E0CE2 /* LoginView.swift */; };
		D5F02457264C46710099700C /* DataByCategoryView.swift in Sources */ = {isa = PBXBuildFile; fileRef = D5F02456264C46710099700C /* DataByCategoryView.swift */; };
		D5F02458264C46710099700C /* DataByCategoryView.swift in Sources */ = {isa = PBXBuildFile; fileRef = D5F02456264C46710099700C /* DataByCategoryView.swift */; };
		D5F0245F264C48A70099700C /* NotaModel.swift in Sources */ = {isa = PBXBuildFile; fileRef = D5F0245E264C48A70099700C /* NotaModel.swift */; };
		D5F02460264C48A70099700C /* NotaModel.swift in Sources */ = {isa = PBXBuildFile; fileRef = D5F0245E264C48A70099700C /* NotaModel.swift */; };
/* End PBXBuildFile section */

/* Begin PBXFileReference section */
		D5578D252601ADF60016ECF1 /* NotiAppApp.swift */ = {isa = PBXFileReference; lastKnownFileType = sourcecode.swift; path = NotiAppApp.swift; sourceTree = "<group>"; };
		D5578D262601ADF60016ECF1 /* ContentView.swift */ = {isa = PBXFileReference; lastKnownFileType = sourcecode.swift; path = ContentView.swift; sourceTree = "<group>"; };
		D5578D272601ADF80016ECF1 /* Assets.xcassets */ = {isa = PBXFileReference; lastKnownFileType = folder.assetcatalog; path = Assets.xcassets; sourceTree = "<group>"; };
		D5578D2C2601ADF80016ECF1 /* NotiApp.app */ = {isa = PBXFileReference; explicitFileType = wrapper.application; includeInIndex = 0; path = NotiApp.app; sourceTree = BUILT_PRODUCTS_DIR; };
		D5578D2F2601ADF80016ECF1 /* Info.plist */ = {isa = PBXFileReference; lastKnownFileType = text.plist.xml; path = Info.plist; sourceTree = "<group>"; };
		D5578D342601ADF80016ECF1 /* NotiApp.app */ = {isa = PBXFileReference; explicitFileType = wrapper.application; includeInIndex = 0; path = NotiApp.app; sourceTree = BUILT_PRODUCTS_DIR; };
		D5578D362601ADF80016ECF1 /* Info.plist */ = {isa = PBXFileReference; lastKnownFileType = text.plist.xml; path = Info.plist; sourceTree = "<group>"; };
		D5578D372601ADF80016ECF1 /* macOS.entitlements */ = {isa = PBXFileReference; lastKnownFileType = text.plist.entitlements; path = macOS.entitlements; sourceTree = "<group>"; };
		D5B8C54D264B620B004F8B39 /* HomeView.swift */ = {isa = PBXFileReference; lastKnownFileType = sourcecode.swift; path = HomeView.swift; sourceTree = "<group>"; };
		D5EC2E94264A2FAB006E0CE2 /* LoginView.swift */ = {isa = PBXFileReference; lastKnownFileType = sourcecode.swift; path = LoginView.swift; sourceTree = "<group>"; };
		D5F02456264C46710099700C /* DataByCategoryView.swift */ = {isa = PBXFileReference; lastKnownFileType = sourcecode.swift; path = DataByCategoryView.swift; sourceTree = "<group>"; };
		D5F0245E264C48A70099700C /* NotaModel.swift */ = {isa = PBXFileReference; lastKnownFileType = sourcecode.swift; path = NotaModel.swift; sourceTree = "<group>"; };
/* End PBXFileReference section */

/* Begin PBXFrameworksBuildPhase section */
		D5578D292601ADF80016ECF1 /* Frameworks */ = {
			isa = PBXFrameworksBuildPhase;
			buildActionMask = 2147483647;
			files = (
			);
			runOnlyForDeploymentPostprocessing = 0;
		};
		D5578D312601ADF80016ECF1 /* Frameworks */ = {
			isa = PBXFrameworksBuildPhase;
			buildActionMask = 2147483647;
			files = (
			);
			runOnlyForDeploymentPostprocessing = 0;
		};
/* End PBXFrameworksBuildPhase section */

/* Begin PBXGroup section */
		D5578D1F2601ADF60016ECF1 = {
			isa = PBXGroup;
			children = (
				D5578D242601ADF60016ECF1 /* Shared */,
				D5578D2E2601ADF80016ECF1 /* iOS */,
				D5578D352601ADF80016ECF1 /* macOS */,
				D5578D2D2601ADF80016ECF1 /* Products */,
			);
			sourceTree = "<group>";
		};
		D5578D242601ADF60016ECF1 /* Shared */ = {
			isa = PBXGroup;
			children = (
				D5F02466264C4C4C0099700C /* View */,
				D5F02465264C4C0D0099700C /* App */,
				D5F0245D264C47FE0099700C /* Model */,
				D5578D272601ADF80016ECF1 /* Assets.xcassets */,
			);
			path = Shared;
			sourceTree = "<group>";
		};
		D5578D2D2601ADF80016ECF1 /* Products */ = {
			isa = PBXGroup;
			children = (
				D5578D2C2601ADF80016ECF1 /* NotiApp.app */,
				D5578D342601ADF80016ECF1 /* NotiApp.app */,
			);
			name = Products;
			sourceTree = "<group>";
		};
		D5578D2E2601ADF80016ECF1 /* iOS */ = {
			isa = PBXGroup;
			children = (
				D5578D2F2601ADF80016ECF1 /* Info.plist */,
			);
			path = iOS;
			sourceTree = "<group>";
		};
		D5578D352601ADF80016ECF1 /* macOS */ = {
			isa = PBXGroup;
			children = (
				D5578D362601ADF80016ECF1 /* Info.plist */,
				D5578D372601ADF80016ECF1 /* macOS.entitlements */,
			);
			path = macOS;
			sourceTree = "<group>";
		};
		D5F0245D264C47FE0099700C /* Model */ = {
			isa = PBXGroup;
			children = (
				D5F0245E264C48A70099700C /* NotaModel.swift */,
			);
			path = Model;
			sourceTree = "<group>";
		};
		D5F02465264C4C0D0099700C /* App */ = {
			isa = PBXGroup;
			children = (
				D5578D252601ADF60016ECF1 /* NotiAppApp.swift */,
				D5578D262601ADF60016ECF1 /* ContentView.swift */,
				D5EC2E94264A2FAB006E0CE2 /* LoginView.swift */,
				D5B8C54D264B620B004F8B39 /* HomeView.swift */,
			);
			path = App;
			sourceTree = "<group>";
		};
		D5F02466264C4C4C0099700C /* View */ = {
			isa = PBXGroup;
			children = (
				D5F02467264C4C550099700C /* Nota */,
			);
			path = View;
			sourceTree = "<group>";
		};
		D5F02467264C4C550099700C /* Nota */ = {
			isa = PBXGroup;
			children = (
				D5F02456264C46710099700C /* DataByCategoryView.swift */,
			);
			path = Nota;
			sourceTree = "<group>";
		};
/* End PBXGroup section */

/* Begin PBXNativeTarget section */
		D5578D2B2601ADF80016ECF1 /* NotiApp (iOS) */ = {
			isa = PBXNativeTarget;
			buildConfigurationList = D5578D402601ADF80016ECF1 /* Build configuration list for PBXNativeTarget "NotiApp (iOS)" */;
			buildPhases = (
				D5578D282601ADF80016ECF1 /* Sources */,
				D5578D292601ADF80016ECF1 /* Frameworks */,
				D5578D2A2601ADF80016ECF1 /* Resources */,
			);
			buildRules = (
			);
			dependencies = (
			);
			name = "NotiApp (iOS)";
			productName = "NotiApp (iOS)";
			productReference = D5578D2C2601ADF80016ECF1 /* NotiApp.app */;
			productType = "com.apple.product-type.application";
		};
		D5578D332601ADF80016ECF1 /* NotiApp (macOS) */ = {
			isa = PBXNativeTarget;
			buildConfigurationList = D5578D432601ADF80016ECF1 /* Build configuration list for PBXNativeTarget "NotiApp (macOS)" */;
			buildPhases = (
				D5578D302601ADF80016ECF1 /* Sources */,
				D5578D312601ADF80016ECF1 /* Frameworks */,
				D5578D322601ADF80016ECF1 /* Resources */,
			);
			buildRules = (
			);
			dependencies = (
			);
			name = "NotiApp (macOS)";
			productName = "NotiApp (macOS)";
			productReference = D5578D342601ADF80016ECF1 /* NotiApp.app */;
			productType = "com.apple.product-type.application";
		};
/* End PBXNativeTarget section */

/* Begin PBXProject section */
		D5578D202601ADF60016ECF1 /* Project object */ = {
			isa = PBXProject;
			attributes = {
				LastSwiftUpdateCheck = 1240;
				LastUpgradeCheck = 1240;
				TargetAttributes = {
					D5578D2B2601ADF80016ECF1 = {
						CreatedOnToolsVersion = 12.4;
					};
					D5578D332601ADF80016ECF1 = {
						CreatedOnToolsVersion = 12.4;
					};
				};
			};
			buildConfigurationList = D5578D232601ADF60016ECF1 /* Build configuration list for PBXProject "NotiApp" */;
			compatibilityVersion = "Xcode 9.3";
			developmentRegion = en;
			hasScannedForEncodings = 0;
			knownRegions = (
				en,
				Base,
			);
			mainGroup = D5578D1F2601ADF60016ECF1;
			productRefGroup = D5578D2D2601ADF80016ECF1 /* Products */;
			projectDirPath = "";
			projectRoot = "";
			targets = (
				D5578D2B2601ADF80016ECF1 /* NotiApp (iOS) */,
				D5578D332601ADF80016ECF1 /* NotiApp (macOS) */,
			);
		};
/* End PBXProject section */

/* Begin PBXResourcesBuildPhase section */
		D5578D2A2601ADF80016ECF1 /* Resources */ = {
			isa = PBXResourcesBuildPhase;
			buildActionMask = 2147483647;
			files = (
				D5578D3C2601ADF80016ECF1 /* Assets.xcassets in Resources */,
			);
			runOnlyForDeploymentPostprocessing = 0;
		};
		D5578D322601ADF80016ECF1 /* Resources */ = {
			isa = PBXResourcesBuildPhase;
			buildActionMask = 2147483647;
			files = (
				D5578D3D2601ADF80016ECF1 /* Assets.xcassets in Resources */,
			);
			runOnlyForDeploymentPostprocessing = 0;
		};
/* End PBXResourcesBuildPhase section */

/* Begin PBXSourcesBuildPhase section */
		D5578D282601ADF80016ECF1 /* Sources */ = {
			isa = PBXSourcesBuildPhase;
			buildActionMask = 2147483647;
			files = (
				D5F0245F264C48A70099700C /* NotaModel.swift in Sources */,
				D5EC2E95264A2FAB006E0CE2 /* LoginView.swift in Sources */,
				D5578D3A2601ADF80016ECF1 /* ContentView.swift in Sources */,
				D5B8C54E264B620B004F8B39 /* HomeView.swift in Sources */,
				D5F02457264C46710099700C /* DataByCategoryView.swift in Sources */,
				D5578D382601ADF80016ECF1 /* NotiAppApp.swift in Sources */,
			);
			runOnlyForDeploymentPostprocessing = 0;
		};
		D5578D302601ADF80016ECF1 /* Sources */ = {
			isa = PBXSourcesBuildPhase;
			buildActionMask = 2147483647;
			files = (
				D5F02460264C48A70099700C /* NotaModel.swift in Sources */,
				D5EC2E96264A2FAB006E0CE2 /* LoginView.swift in Sources */,
				D5578D3B2601ADF80016ECF1 /* ContentView.swift in Sources */,
				D5B8C54F264B620B004F8B39 /* HomeView.swift in Sources */,
				D5F02458264C46710099700C /* DataByCategoryView.swift in Sources */,
				D5578D392601ADF80016ECF1 /* NotiAppApp.swift in Sources */,
			);
			runOnlyForDeploymentPostprocessing = 0;
		};
/* End PBXSourcesBuildPhase section */

/* Begin XCBuildConfiguration section */
		D5578D3E2601ADF80016ECF1 /* Debug */ = {
			isa = XCBuildConfiguration;
			buildSettings = {
				ALWAYS_SEARCH_USER_PATHS = NO;
				CLANG_ANALYZER_NONNULL = YES;
				CLANG_ANALYZER_NUMBER_OBJECT_CONVERSION = YES_AGGRESSIVE;
				CLANG_CXX_LANGUAGE_STANDARD = "gnu++14";
				CLANG_CXX_LIBRARY = "libc++";
				CLANG_ENABLE_MODULES = YES;
				CLANG_ENABLE_OBJC_ARC = YES;
				CLANG_ENABLE_OBJC_WEAK = YES;
				CLANG_WARN_BLOCK_CAPTURE_AUTORELEASING = YES;
				CLANG_WARN_BOOL_CONVERSION = YES;
				CLANG_WARN_COMMA = YES;
				CLANG_WARN_CONSTANT_CONVERSION = YES;
				CLANG_WARN_DEPRECATED_OBJC_IMPLEMENTATIONS = YES;
				CLANG_WARN_DIRECT_OBJC_ISA_USAGE = YES_ERROR;
				CLANG_WARN_DOCUMENTATION_COMMENTS = YES;
				CLANG_WARN_EMPTY_BODY = YES;
				CLANG_WARN_ENUM_CONVERSION = YES;
				CLANG_WARN_INFINITE_RECURSION = YES;
				CLANG_WARN_INT_CONVERSION = YES;
				CLANG_WARN_NON_LITERAL_NULL_CONVERSION = YES;
				CLANG_WARN_OBJC_IMPLICIT_RETAIN_SELF = YES;
				CLANG_WARN_OBJC_LITERAL_CONVERSION = YES;
				CLANG_WARN_OBJC_ROOT_CLASS = YES_ERROR;
				CLANG_WARN_QUOTED_INCLUDE_IN_FRAMEWORK_HEADER = YES;
				CLANG_WARN_RANGE_LOOP_ANALYSIS = YES;
				CLANG_WARN_STRICT_PROTOTYPES = YES;
				CLANG_WARN_SUSPICIOUS_MOVE = YES;
				CLANG_WARN_UNGUARDED_AVAILABILITY = YES_AGGRESSIVE;
				CLANG_WARN_UNREACHABLE_CODE = YES;
				CLANG_WARN__DUPLICATE_METHOD_MATCH = YES;
				COPY_PHASE_STRIP = NO;
				DEBUG_INFORMATION_FORMAT = dwarf;
				ENABLE_STRICT_OBJC_MSGSEND = YES;
				ENABLE_TESTABILITY = YES;
				GCC_C_LANGUAGE_STANDARD = gnu11;
				GCC_DYNAMIC_NO_PIC = NO;
				GCC_NO_COMMON_BLOCKS = YES;
				GCC_OPTIMIZATION_LEVEL = 0;
				GCC_PREPROCESSOR_DEFINITIONS = (
					"DEBUG=1",
					"$(inherited)",
				);
				GCC_WARN_64_TO_32_BIT_CONVERSION = YES;
				GCC_WARN_ABOUT_RETURN_TYPE = YES_ERROR;
				GCC_WARN_UNDECLARED_SELECTOR = YES;
				GCC_WARN_UNINITIALIZED_AUTOS = YES_AGGRESSIVE;
				GCC_WARN_UNUSED_FUNCTION = YES;
				GCC_WARN_UNUSED_VARIABLE = YES;
				MTL_ENABLE_DEBUG_INFO = INCLUDE_SOURCE;
				MTL_FAST_MATH = YES;
				ONLY_ACTIVE_ARCH = YES;
				SWIFT_ACTIVE_COMPILATION_CONDITIONS = DEBUG;
				SWIFT_OPTIMIZATION_LEVEL = "-Onone";
			};
			name = Debug;
		};
		D5578D3F2601ADF80016ECF1 /* Release */ = {
			isa = XCBuildConfiguration;
			buildSettings = {
				ALWAYS_SEARCH_USER_PATHS = NO;
				CLANG_ANALYZER_NONNULL = YES;
				CLANG_ANALYZER_NUMBER_OBJECT_CONVERSION = YES_AGGRESSIVE;
				CLANG_CXX_LANGUAGE_STANDARD = "gnu++14";
				CLANG_CXX_LIBRARY = "libc++";
				CLANG_ENABLE_MODULES = YES;
				CLANG_ENABLE_OBJC_ARC = YES;
				CLANG_ENABLE_OBJC_WEAK = YES;
				CLANG_WARN_BLOCK_CAPTURE_AUTORELEASING = YES;
				CLANG_WARN_BOOL_CONVERSION = YES;
				CLANG_WARN_COMMA = YES;
				CLANG_WARN_CONSTANT_CONVERSION = YES;
				CLANG_WARN_DEPRECATED_OBJC_IMPLEMENTATIONS = YES;
				CLANG_WARN_DIRECT_OBJC_ISA_USAGE = YES_ERROR;
				CLANG_WARN_DOCUMENTATION_COMMENTS = YES;
				CLANG_WARN_EMPTY_BODY = YES;
				CLANG_WARN_ENUM_CONVERSION = YES;
				CLANG_WARN_INFINITE_RECURSION = YES;
				CLANG_WARN_INT_CONVERSION = YES;
				CLANG_WARN_NON_LITERAL_NULL_CONVERSION = YES;
				CLANG_WARN_OBJC_IMPLICIT_RETAIN_SELF = YES;
				CLANG_WARN_OBJC_LITERAL_CONVERSION = YES;
				CLANG_WARN_OBJC_ROOT_CLASS = YES_ERROR;
				CLANG_WARN_QUOTED_INCLUDE_IN_FRAMEWORK_HEADER = YES;
				CLANG_WARN_RANGE_LOOP_ANALYSIS = YES;
				CLANG_WARN_STRICT_PROTOTYPES = YES;
				CLANG_WARN_SUSPICIOUS_MOVE = YES;
				CLANG_WARN_UNGUARDED_AVAILABILITY = YES_AGGRESSIVE;
				CLANG_WARN_UNREACHABLE_CODE = YES;
				CLANG_WARN__DUPLICATE_METHOD_MATCH = YES;
				COPY_PHASE_STRIP = NO;
				DEBUG_INFORMATION_FORMAT = "dwarf-with-dsym";
				ENABLE_NS_ASSERTIONS = NO;
				ENABLE_STRICT_OBJC_MSGSEND = YES;
				GCC_C_LANGUAGE_STANDARD = gnu11;
				GCC_NO_COMMON_BLOCKS = YES;
				GCC_WARN_64_TO_32_BIT_CONVERSION = YES;
				GCC_WARN_ABOUT_RETURN_TYPE = YES_ERROR;
				GCC_WARN_UNDECLARED_SELECTOR = YES;
				GCC_WARN_UNINITIALIZED_AUTOS = YES_AGGRESSIVE;
				GCC_WARN_UNUSED_FUNCTION = YES;
				GCC_WARN_UNUSED_VARIABLE = YES;
				MTL_ENABLE_DEBUG_INFO = NO;
				MTL_FAST_MATH = YES;
				SWIFT_COMPILATION_MODE = wholemodule;
				SWIFT_OPTIMIZATION_LEVEL = "-O";
			};
			name = Release;
		};
		D5578D412601ADF80016ECF1 /* Debug */ = {
			isa = XCBuildConfiguration;
			buildSettings = {
				ASSETCATALOG_COMPILER_APPICON_NAME = AppIcon;
				ASSETCATALOG_COMPILER_GLOBAL_ACCENT_COLOR_NAME = AccentColor;
				CODE_SIGN_STYLE = Automatic;
				ENABLE_PREVIEWS = YES;
				INFOPLIST_FILE = iOS/Info.plist;
				IPHONEOS_DEPLOYMENT_TARGET = 14.0;
				LD_RUNPATH_SEARCH_PATHS = (
					"$(inherited)",
					"@executable_path/Frameworks",
				);
				PRODUCT_BUNDLE_IDENTIFIER = NAISROANDEV.NotiApp;
				PRODUCT_NAME = NotiApp;
				SDKROOT = iphoneos;
				SWIFT_VERSION = 5.0;
				TARGETED_DEVICE_FAMILY = "1,2";
			};
			name = Debug;
		};
		D5578D422601ADF80016ECF1 /* Release */ = {
			isa = XCBuildConfiguration;
			buildSettings = {
				ASSETCATALOG_COMPILER_APPICON_NAME = AppIcon;
				ASSETCATALOG_COMPILER_GLOBAL_ACCENT_COLOR_NAME = AccentColor;
				CODE_SIGN_STYLE = Automatic;
				ENABLE_PREVIEWS = YES;
				INFOPLIST_FILE = iOS/Info.plist;
				IPHONEOS_DEPLOYMENT_TARGET = 14.0;
				LD_RUNPATH_SEARCH_PATHS = (
					"$(inherited)",
					"@executable_path/Frameworks",
				);
				PRODUCT_BUNDLE_IDENTIFIER = NAISROANDEV.NotiApp;
				PRODUCT_NAME = NotiApp;
				SDKROOT = iphoneos;
				SWIFT_VERSION = 5.0;
				TARGETED_DEVICE_FAMILY = "1,2";
				VALIDATE_PRODUCT = YES;
			};
			name = Release;
		};
		D5578D442601ADF80016ECF1 /* Debug */ = {
			isa = XCBuildConfiguration;
			buildSettings = {
				ASSETCATALOG_COMPILER_APPICON_NAME = AppIcon;
				ASSETCATALOG_COMPILER_GLOBAL_ACCENT_COLOR_NAME = AccentColor;
				CODE_SIGN_ENTITLEMENTS = macOS/macOS.entitlements;
				CODE_SIGN_STYLE = Automatic;
				COMBINE_HIDPI_IMAGES = YES;
				ENABLE_PREVIEWS = YES;
				INFOPLIST_FILE = macOS/Info.plist;
				LD_RUNPATH_SEARCH_PATHS = (
					"$(inherited)",
					"@executable_path/../Frameworks",
				);
				MACOSX_DEPLOYMENT_TARGET = 11.0;
				PRODUCT_BUNDLE_IDENTIFIER = NAISROANDEV.NotiApp;
				PRODUCT_NAME = NotiApp;
				SDKROOT = macosx;
				SWIFT_VERSION = 5.0;
			};
			name = Debug;
		};
		D5578D452601ADF80016ECF1 /* Release */ = {
			isa = XCBuildConfiguration;
			buildSettings = {
				ASSETCATALOG_COMPILER_APPICON_NAME = AppIcon;
				ASSETCATALOG_COMPILER_GLOBAL_ACCENT_COLOR_NAME = AccentColor;
				CODE_SIGN_ENTITLEMENTS = macOS/macOS.entitlements;
				CODE_SIGN_STYLE = Automatic;
				COMBINE_HIDPI_IMAGES = YES;
				ENABLE_PREVIEWS = YES;
				INFOPLIST_FILE = macOS/Info.plist;
				LD_RUNPATH_SEARCH_PATHS = (
					"$(inherited)",
					"@executable_path/../Frameworks",
				);
				MACOSX_DEPLOYMENT_TARGET = 11.0;
				PRODUCT_BUNDLE_IDENTIFIER = NAISROANDEV.NotiApp;
				PRODUCT_NAME = NotiApp;
				SDKROOT = macosx;
				SWIFT_VERSION = 5.0;
			};
			name = Release;
		};
/* End XCBuildConfiguration section */

/* Begin XCConfigurationList section */
		D5578D232601ADF60016ECF1 /* Build configuration list for PBXProject "NotiApp" */ = {
			isa = XCConfigurationList;
			buildConfigurations = (
				D5578D3E2601ADF80016ECF1 /* Debug */,
				D5578D3F2601ADF80016ECF1 /* Release */,
			);
			defaultConfigurationIsVisible = 0;
			defaultConfigurationName = Release;
		};
		D5578D402601ADF80016ECF1 /* Build configuration list for PBXNativeTarget "NotiApp (iOS)" */ = {
			isa = XCConfigurationList;
			buildConfigurations = (
				D5578D412601ADF80016ECF1 /* Debug */,
				D5578D422601ADF80016ECF1 /* Release */,
			);
			defaultConfigurationIsVisible = 0;
			defaultConfigurationName = Release;
		};
		D5578D432601ADF80016ECF1 /* Build configuration list for PBXNativeTarget "NotiApp (macOS)" */ = {
			isa = XCConfigurationList;
			buildConfigurations = (
				D5578D442601ADF80016ECF1 /* Debug */,
				D5578D452601ADF80016ECF1 /* Release */,
			);
			defaultConfigurationIsVisible = 0;
			defaultConfigurationName = Release;
		};
/* End XCConfigurationList section */
	};
	rootObject = D5578D202601ADF60016ECF1 /* Project object */;
}
